
Microsoft Visual Studio Solution File, Format Version 12.00
# Visual Studio Version 17
Project("{8BC9CEB8-8B4A-11D0-8D11-00A0C91BC942}") = "ALL_BUILD", "ALL_BUILD.vcxproj", "{F8436DD0-E287-360B-B5FF-878C5E8E054F}"
	ProjectSection(ProjectDependencies) = postProject
		{D357E1A4-F38B-3132-8015-184A49561167} = {D357E1A4-F38B-3132-8015-184A49561167}
		{94051C10-96AF-31DF-BEE6-6C6CF50E5C3C} = {94051C10-96AF-31DF-BEE6-6C6CF50E5C3C}
		{F21A9D0B-C89B-326D-BD49-8BC3CB098026} = {F21A9D0B-C89B-326D-BD49-8BC3CB098026}
		{AC3FDE6C-4A38-395A-8535-95A706538A5F} = {AC3FDE6C-4A38-395A-8535-95A706538A5F}
		{663C4269-9770-3544-8914-E98A0F5D9D8C} = {663C4269-9770-3544-8914-E98A0F5D9D8C}
	EndProjectSection
EndProject
Project("{8BC9CEB8-8B4A-11D0-8D11-00A0C91BC942}") = "ZERO_CHECK", "ZERO_CHECK.vcxproj", "{D357E1A4-F38B-3132-8015-184A49561167}"
	ProjectSection(ProjectDependencies) = postProject
	EndProjectSection
EndProject
Project("{8BC9CEB8-8B4A-11D0-8D11-00A0C91BC942}") = "gtest", "gtest\gtest.vcxproj", "{94051C10-96AF-31DF-BEE6-6C6CF50E5C3C}"
	ProjectSection(ProjectDependencies) = postProject
		{D357E1A4-F38B-3132-8015-184A49561167} = {D357E1A4-F38B-3132-8015-184A49561167}
	EndProjectSection
EndProject
Project("{8BC9CEB8-8B4A-11D0-8D11-00A0C91BC942}") = "sample_prime_numbers", "samples\sample_prime_numbers.vcxproj", "{F21A9D0B-C89B-326D-BD49-8BC3CB098026}"
	ProjectSection(ProjectDependencies) = postProject
		{D357E1A4-F38B-3132-8015-184A49561167} = {D357E1A4-F38B-3132-8015-184A49561167}
		{AC3FDE6C-4A38-395A-8535-95A706538A5F} = {AC3FDE6C-4A38-395A-8535-95A706538A5F}
	EndProjectSection
EndProject
Project("{8BC9CEB8-8B4A-11D0-8D11-00A0C91BC942}") = "set", "src\set.vcxproj", "{AC3FDE6C-4A38-395A-8535-95A706538A5F}"
	ProjectSection(ProjectDependencies) = postProject
		{D357E1A4-F38B-3132-8015-184A49561167} = {D357E1A4-F38B-3132-8015-184A49561167}
	EndProjectSection
EndProject
Project("{8BC9CEB8-8B4A-11D0-8D11-00A0C91BC942}") = "test_set", "test\test_set.vcxproj", "{663C4269-9770-3544-8914-E98A0F5D9D8C}"
	ProjectSection(ProjectDependencies) = postProject
		{D357E1A4-F38B-3132-8015-184A49561167} = {D357E1A4-F38B-3132-8015-184A49561167}
		{94051C10-96AF-31DF-BEE6-6C6CF50E5C3C} = {94051C10-96AF-31DF-BEE6-6C6CF50E5C3C}
		{AC3FDE6C-4A38-395A-8535-95A706538A5F} = {AC3FDE6C-4A38-395A-8535-95A706538A5F}
	EndProjectSection
EndProject
Global
	GlobalSection(SolutionConfigurationPlatforms) = preSolution
		Debug|x64 = Debug|x64
		Release|x64 = Release|x64
	EndGlobalSection
	GlobalSection(ProjectConfigurationPlatforms) = postSolution
		{F8436DD0-E287-360B-B5FF-878C5E8E054F}.Debug|x64.ActiveCfg = Debug|x64
		{F8436DD0-E287-360B-B5FF-878C5E8E054F}.Release|x64.ActiveCfg = Release|x64
		{D357E1A4-F38B-3132-8015-184A49561167}.Debug|x64.ActiveCfg = Debug|x64
		{D357E1A4-F38B-3132-8015-184A49561167}.Debug|x64.Build.0 = Debug|x64
		{D357E1A4-F38B-3132-8015-184A49561167}.Release|x64.ActiveCfg = Release|x64
		{D357E1A4-F38B-3132-8015-184A49561167}.Release|x64.Build.0 = Release|x64
		{94051C10-96AF-31DF-BEE6-6C6CF50E5C3C}.Debug|x64.ActiveCfg = Debug|x64
		{94051C10-96AF-31DF-BEE6-6C6CF50E5C3C}.Debug|x64.Build.0 = Debug|x64
		{94051C10-96AF-31DF-BEE6-6C6CF50E5C3C}.Release|x64.ActiveCfg = Release|x64
		{94051C10-96AF-31DF-BEE6-6C6CF50E5C3C}.Release|x64.Build.0 = Release|x64
		{F21A9D0B-C89B-326D-BD49-8BC3CB098026}.Debug|x64.ActiveCfg = Debug|x64
		{F21A9D0B-C89B-326D-BD49-8BC3CB098026}.Debug|x64.Build.0 = Debug|x64
		{F21A9D0B-C89B-326D-BD49-8BC3CB098026}.Release|x64.ActiveCfg = Release|x64
		{F21A9D0B-C89B-326D-BD49-8BC3CB098026}.Release|x64.Build.0 = Release|x64
		{AC3FDE6C-4A38-395A-8535-95A706538A5F}.Debug|x64.ActiveCfg = Debug|x64
		{AC3FDE6C-4A38-395A-8535-95A706538A5F}.Debug|x64.Build.0 = Debug|x64
		{AC3FDE6C-4A38-395A-8535-95A706538A5F}.Release|x64.ActiveCfg = Release|x64
		{AC3FDE6C-4A38-395A-8535-95A706538A5F}.Release|x64.Build.0 = Release|x64
		{663C4269-9770-3544-8914-E98A0F5D9D8C}.Debug|x64.ActiveCfg = Debug|x64
		{663C4269-9770-3544-8914-E98A0F5D9D8C}.Debug|x64.Build.0 = Debug|x64
		{663C4269-9770-3544-8914-E98A0F5D9D8C}.Release|x64.ActiveCfg = Release|x64
		{663C4269-9770-3544-8914-E98A0F5D9D8C}.Release|x64.Build.0 = Release|x64
	EndGlobalSection
	GlobalSection(ExtensibilityGlobals) = postSolution
		SolutionGuid = {03E44AE6-BD5C-32C1-ACFF-8C9E89F953F9}
	EndGlobalSection
	GlobalSection(ExtensibilityAddIns) = postSolution
	EndGlobalSection
EndGlobal
